
Microsoft Visual Studio Solution File, Format Version 12.00
# Visual Studio Version 17
VisualStudioVersion = 17.9.34616.47
MinimumVisualStudioVersion = 10.0.40219.1
Project("{FAE04EC0-301F-11D3-BF4B-00C04F79EFBC}") = "DriveEasy.API", "DriveEasy.API\DriveEasy.API.csproj", "{A8FAF0D7-7052-4D5F-970D-9E428A125DB5}"
EndProject
Global
	GlobalSection(SolutionConfigurationPlatforms) = preSolution
		Debug|Any CPU = Debug|Any CPU
		Release|Any CPU = Release|Any CPU
	EndGlobalSection
	GlobalSection(ProjectConfigurationPlatforms) = postSolution
		{A8FAF0D7-7052-4D5F-970D-9E428A125DB5}.Debug|Any CPU.ActiveCfg = Debug|Any CPU
		{A8FAF0D7-7052-4D5F-970D-9E428A125DB5}.Debug|Any CPU.Build.0 = Debug|Any CPU
		{A8FAF0D7-7052-4D5F-970D-9E428A125DB5}.Release|Any CPU.ActiveCfg = Release|Any CPU
		{A8FAF0D7-7052-4D5F-970D-9E428A125DB5}.Release|Any CPU.Build.0 = Release|Any CPU
	EndGlobalSection
	GlobalSection(SolutionProperties) = preSolution
		HideSolutionNode = FALSE
	EndGlobalSection
	GlobalSection(ExtensibilityGlobals) = postSolution
		SolutionGuid = {1A0E5CDA-7FA0-4C10-8F64-737EF401E848}
	EndGlobalSection
EndGlobal
